
Microsoft Visual Studio Solution File, Format Version 12.00
# Visual Studio 15
VisualStudioVersion = 15.0.28307.779
MinimumVisualStudioVersion = 10.0.40219.1
Project("{FAE04EC0-301F-11D3-BF4B-00C04F79EFBC}") = "LINQPro", "LINQPro\LINQPro.csproj", "{E4E331E5-4995-4237-B8B6-FD2FD634AD66}"
EndProject
Global
	GlobalSection(SolutionConfigurationPlatforms) = preSolution
		Debug|Any CPU = Debug|Any CPU
		Release|Any CPU = Release|Any CPU
	EndGlobalSection
	GlobalSection(ProjectConfigurationPlatforms) = postSolution
		{E4E331E5-4995-4237-B8B6-FD2FD634AD66}.Debug|Any CPU.ActiveCfg = Debug|Any CPU
		{E4E331E5-4995-4237-B8B6-FD2FD634AD66}.Debug|Any CPU.Build.0 = Debug|Any CPU
		{E4E331E5-4995-4237-B8B6-FD2FD634AD66}.Release|Any CPU.ActiveCfg = Release|Any CPU
		{E4E331E5-4995-4237-B8B6-FD2FD634AD66}.Release|Any CPU.Build.0 = Release|Any CPU
	EndGlobalSection
	GlobalSection(SolutionProperties) = preSolution
		HideSolutionNode = FALSE
	EndGlobalSection
	GlobalSection(ExtensibilityGlobals) = postSolution
		SolutionGuid = {681660BC-3569-4C9B-AD5F-3BBFA8AD963E}
	EndGlobalSection
EndGlobal
